
Microsoft Visual Studio Solution File, Format Version 12.00
# Visual Studio Version 16
VisualStudioVersion = 16.0.30611.23
MinimumVisualStudioVersion = 10.0.40219.1
Project("{FAE04EC0-301F-11D3-BF4B-00C04F79EFBC}") = "WebShop", "WebShop\WebShop.csproj", "{7615E0E8-6685-43FD-BDF8-F9B050E7A180}"
EndProject
Global
	GlobalSection(SolutionConfigurationPlatforms) = preSolution
		Debug|Any CPU = Debug|Any CPU
		Release|Any CPU = Release|Any CPU
	EndGlobalSection
	GlobalSection(ProjectConfigurationPlatforms) = postSolution
		{7615E0E8-6685-43FD-BDF8-F9B050E7A180}.Debug|Any CPU.ActiveCfg = Debug|Any CPU
		{7615E0E8-6685-43FD-BDF8-F9B050E7A180}.Debug|Any CPU.Build.0 = Debug|Any CPU
		{7615E0E8-6685-43FD-BDF8-F9B050E7A180}.Release|Any CPU.ActiveCfg = Release|Any CPU
		{7615E0E8-6685-43FD-BDF8-F9B050E7A180}.Release|Any CPU.Build.0 = Release|Any CPU
	EndGlobalSection
	GlobalSection(SolutionProperties) = preSolution
		HideSolutionNode = FALSE
	EndGlobalSection
	GlobalSection(ExtensibilityGlobals) = postSolution
		SolutionGuid = {EB6E9CD5-7BF9-457B-B26E-B98E6C0091BE}
	EndGlobalSection
EndGlobal
